// !$*UTF8*$!
{
	archiveVersion = 1;
	classes = {
	};
	objectVersion = 46;
	objects = {

/* Begin PBXBuildFile section */
		F59AE73F1BC7B2F90070B17D /* TableViewController.swift in Sources */ = {isa = PBXBuildFile; fileRef = F59AE7321BC7B2F90070B17D /* TableViewController.swift */; settings = {ASSET_TAGS = (); }; };
		F59AE7401BC7B2F90070B17D /* Pirate.swift in Sources */ = {isa = PBXBuildFile; fileRef = F59AE7331BC7B2F90070B17D /* Pirate.swift */; settings = {ASSET_TAGS = (); }; };
		F59AE7411BC7B2F90070B17D /* AppDelegate.swift in Sources */ = {isa = PBXBuildFile; fileRef = F59AE7341BC7B2F90070B17D /* AppDelegate.swift */; settings = {ASSET_TAGS = (); }; };
		F59AE7421BC7B2F90070B17D /* Main.storyboard in Resources */ = {isa = PBXBuildFile; fileRef = F59AE7361BC7B2F90070B17D /* Main.storyboard */; settings = {ASSET_TAGS = (); }; };
		F59AE7431BC7B2F90070B17D /* DetailsViewController.swift in Sources */ = {isa = PBXBuildFile; fileRef = F59AE7371BC7B2F90070B17D /* DetailsViewController.swift */; settings = {ASSET_TAGS = (); }; };
		F59AE7441BC7B2F90070B17D /* Assets.xcassets in Resources */ = {isa = PBXBuildFile; fileRef = F59AE7381BC7B2F90070B17D /* Assets.xcassets */; settings = {ASSET_TAGS = (); }; };
		F59AE7451BC7B2F90070B17D /* LaunchScreen.storyboard in Resources */ = {isa = PBXBuildFile; fileRef = F59AE73A1BC7B2F90070B17D /* LaunchScreen.storyboard */; settings = {ASSET_TAGS = (); }; };
		F59AE7461BC7B2F90070B17D /* Info.plist in Resources */ = {isa = PBXBuildFile; fileRef = F59AE73B1BC7B2F90070B17D /* Info.plist */; settings = {ASSET_TAGS = (); }; };
		F59AE7471BC7B2F90070B17D /* Assignment_week_4_1.xcdatamodeld in Resources */ = {isa = PBXBuildFile; fileRef = F59AE73D1BC7B2F90070B17D /* Assignment_week_4_1.xcdatamodeld */; settings = {ASSET_TAGS = (); }; };
		F59AE74B1BC7B31C0070B17D /* Assignment_week_4_1Tests.swift in Sources */ = {isa = PBXBuildFile; fileRef = F59AE7481BC7B31C0070B17D /* Assignment_week_4_1Tests.swift */; settings = {ASSET_TAGS = (); }; };
		F59AE74C1BC7B31C0070B17D /* Info.plist in Resources */ = {isa = PBXBuildFile; fileRef = F59AE7491BC7B31C0070B17D /* Info.plist */; settings = {ASSET_TAGS = (); }; };
		F59AE7501BC7B3200070B17D /* Assignment_week_4_1UITests.swift in Sources */ = {isa = PBXBuildFile; fileRef = F59AE74D1BC7B3200070B17D /* Assignment_week_4_1UITests.swift */; settings = {ASSET_TAGS = (); }; };
		F59AE7511BC7B3200070B17D /* Info.plist in Resources */ = {isa = PBXBuildFile; fileRef = F59AE74E1BC7B3200070B17D /* Info.plist */; settings = {ASSET_TAGS = (); }; };
		F59AE7561BC7B3290070B17D /* Assignment week 4.1.app in Resources */ = {isa = PBXBuildFile; fileRef = F59AE7521BC7B3290070B17D /* Assignment week 4.1.app */; settings = {ASSET_TAGS = (); }; };
		F59AE7571BC7B3290070B17D /* Assignment week 4.1Tests.xctest in Resources */ = {isa = PBXBuildFile; fileRef = F59AE7531BC7B3290070B17D /* Assignment week 4.1Tests.xctest */; settings = {ASSET_TAGS = (); }; };
		F59AE7581BC7B3290070B17D /* Assignment week 4.1UITests.xctest in Resources */ = {isa = PBXBuildFile; fileRef = F59AE7541BC7B3290070B17D /* Assignment week 4.1UITests.xctest */; settings = {ASSET_TAGS = (); }; };
/* End PBXBuildFile section */

/* Begin PBXContainerItemProxy section */
		F5B00A281BC6811D0023127F /* PBXContainerItemProxy */ = {
			isa = PBXContainerItemProxy;
			containerPortal = F5B00A221BC6811B0023127F /* Assignment week 4.1.xcodeproj */;
			proxyType = 2;
			remoteGlobalIDString = F5B009EE1BC6811A0023127F;
			remoteInfo = "Assignment week 4.1";
		};
		F5B00A2A1BC6811D0023127F /* PBXContainerItemProxy */ = {
			isa = PBXContainerItemProxy;
			containerPortal = F5B00A221BC6811B0023127F /* Assignment week 4.1.xcodeproj */;
			proxyType = 2;
			remoteGlobalIDString = F5B00A051BC6811B0023127F;
			remoteInfo = "Assignment week 4.1Tests";
		};
		F5B00A2C1BC6811D0023127F /* PBXContainerItemProxy */ = {
			isa = PBXContainerItemProxy;
			containerPortal = F5B00A221BC6811B0023127F /* Assignment week 4.1.xcodeproj */;
			proxyType = 2;
			remoteGlobalIDString = F5B00A101BC6811B0023127F;
			remoteInfo = "Assignment week 4.1UITests";
		};
		F5BF449E1BB3C5E70010231A /* PBXContainerItemProxy */ = {
			isa = PBXContainerItemProxy;
			containerPortal = F5BF447D1BB3C5E70010231A /* Project object */;
			proxyType = 1;
			remoteGlobalIDString = F5BF44841BB3C5E70010231A;
			remoteInfo = "Assignment week4";
		};
/* End PBXContainerItemProxy section */

/* Begin PBXFileReference section */
		F59AE72D1BC7AE3F0070B17D /* Assignment week4.app */ = {isa = PBXFileReference; explicitFileType = wrapper.application; includeInIndex = 0; name = "Assignment week4.app"; path = "/Users/fhict/SM31E/Assignment week4/build/Debug-iphoneos/Assignment week4.app"; sourceTree = "<absolute>"; };
		F59AE72E1BC7AE3F0070B17D /* Assignment week4Tests.xctest */ = {isa = PBXFileReference; explicitFileType = wrapper.cfbundle; includeInIndex = 0; name = "Assignment week4Tests.xctest"; path = "/Users/fhict/SM31E/Assignment week4/build/Debug-iphoneos/Assignment week4Tests.xctest"; sourceTree = "<absolute>"; };
		F59AE7321BC7B2F90070B17D /* TableViewController.swift */ = {isa = PBXFileReference; fileEncoding = 4; lastKnownFileType = sourcecode.swift; path = TableViewController.swift; sourceTree = "<group>"; };
		F59AE7331BC7B2F90070B17D /* Pirate.swift */ = {isa = PBXFileReference; fileEncoding = 4; lastKnownFileType = sourcecode.swift; path = Pirate.swift; sourceTree = "<group>"; };
		F59AE7341BC7B2F90070B17D /* AppDelegate.swift */ = {isa = PBXFileReference; fileEncoding = 4; lastKnownFileType = sourcecode.swift; path = AppDelegate.swift; sourceTree = "<group>"; };
		F59AE7351BC7B2F90070B17D /* Base */ = {isa = PBXFileReference; lastKnownFileType = file.storyboard; name = Base; path = Base.lproj/Main.storyboard; sourceTree = "<group>"; };
		F59AE7371BC7B2F90070B17D /* DetailsViewController.swift */ = {isa = PBXFileReference; fileEncoding = 4; lastKnownFileType = sourcecode.swift; path = DetailsViewController.swift; sourceTree = "<group>"; };
		F59AE7381BC7B2F90070B17D /* Assets.xcassets */ = {isa = PBXFileReference; lastKnownFileType = folder.assetcatalog; path = Assets.xcassets; sourceTree = "<group>"; };
		F59AE7391BC7B2F90070B17D /* Base */ = {isa = PBXFileReference; lastKnownFileType = file.storyboard; name = Base; path = Base.lproj/LaunchScreen.storyboard; sourceTree = "<group>"; };
		F59AE73B1BC7B2F90070B17D /* Info.plist */ = {isa = PBXFileReference; fileEncoding = 4; lastKnownFileType = text.plist.xml; path = Info.plist; sourceTree = "<group>"; };
		F59AE73C1BC7B2F90070B17D /* Assignment_week_4_1.xcdatamodel */ = {isa = PBXFileReference; lastKnownFileType = wrapper.xcdatamodel; path = Assignment_week_4_1.xcdatamodel; sourceTree = "<group>"; };
		F59AE7481BC7B31C0070B17D /* Assignment_week_4_1Tests.swift */ = {isa = PBXFileReference; fileEncoding = 4; lastKnownFileType = sourcecode.swift; path = Assignment_week_4_1Tests.swift; sourceTree = "<group>"; };
		F59AE7491BC7B31C0070B17D /* Info.plist */ = {isa = PBXFileReference; fileEncoding = 4; lastKnownFileType = text.plist.xml; path = Info.plist; sourceTree = "<group>"; };
		F59AE74D1BC7B3200070B17D /* Assignment_week_4_1UITests.swift */ = {isa = PBXFileReference; fileEncoding = 4; lastKnownFileType = sourcecode.swift; path = Assignment_week_4_1UITests.swift; sourceTree = "<group>"; };
		F59AE74E1BC7B3200070B17D /* Info.plist */ = {isa = PBXFileReference; fileEncoding = 4; lastKnownFileType = text.plist.xml; path = Info.plist; sourceTree = "<group>"; };
		F59AE7521BC7B3290070B17D /* Assignment week 4.1.app */ = {isa = PBXFileReference; explicitFileType = wrapper.application; path = "Assignment week 4.1.app"; sourceTree = SOURCE_ROOT; };
		F59AE7531BC7B3290070B17D /* Assignment week 4.1Tests.xctest */ = {isa = PBXFileReference; explicitFileType = wrapper.cfbundle; path = "Assignment week 4.1Tests.xctest"; sourceTree = SOURCE_ROOT; };
		F59AE7541BC7B3290070B17D /* Assignment week 4.1UITests.xctest */ = {isa = PBXFileReference; explicitFileType = wrapper.cfbundle; path = "Assignment week 4.1UITests.xctest"; sourceTree = SOURCE_ROOT; };
		F5B00A221BC6811B0023127F /* Assignment week 4.1.xcodeproj */ = {isa = PBXFileReference; lastKnownFileType = "wrapper.pb-project"; name = "Assignment week 4.1.xcodeproj"; path = "Assignment week 4.1/Assignment week 4.1.xcodeproj"; sourceTree = "<group>"; };
/* End PBXFileReference section */

/* Begin PBXFrameworksBuildPhase section */
		F5BF44821BB3C5E70010231A /* Frameworks */ = {
			isa = PBXFrameworksBuildPhase;
			buildActionMask = 2147483647;
			files = (
			);
			runOnlyForDeploymentPostprocessing = 0;
		};
		F5BF449A1BB3C5E70010231A /* Frameworks */ = {
			isa = PBXFrameworksBuildPhase;
			buildActionMask = 2147483647;
			files = (
			);
			runOnlyForDeploymentPostprocessing = 0;
		};
/* End PBXFrameworksBuildPhase section */

/* Begin PBXGroup section */
		F59AE73E1BC7B2F90070B17D /* Assignment week 4.1 */ = {
			isa = PBXGroup;
			children = (
				F59AE7321BC7B2F90070B17D /* TableViewController.swift */,
				F59AE7331BC7B2F90070B17D /* Pirate.swift */,
				F59AE7341BC7B2F90070B17D /* AppDelegate.swift */,
				F59AE7361BC7B2F90070B17D /* Main.storyboard */,
				F59AE7371BC7B2F90070B17D /* DetailsViewController.swift */,
				F59AE7381BC7B2F90070B17D /* Assets.xcassets */,
				F59AE73A1BC7B2F90070B17D /* LaunchScreen.storyboard */,
				F59AE73B1BC7B2F90070B17D /* Info.plist */,
				F59AE73D1BC7B2F90070B17D /* Assignment_week_4_1.xcdatamodeld */,
			);
			name = "Assignment week 4.1";
			path = "Assignment week 4.1/Assignment week 4.1";
			sourceTree = "<group>";
		};
		F59AE74A1BC7B31C0070B17D /* Assignment week 4.1Tests */ = {
			isa = PBXGroup;
			children = (
				F59AE7481BC7B31C0070B17D /* Assignment_week_4_1Tests.swift */,
				F59AE7491BC7B31C0070B17D /* Info.plist */,
			);
			name = "Assignment week 4.1Tests";
			path = "Assignment week 4.1/Assignment week 4.1Tests";
			sourceTree = "<group>";
		};
		F59AE74F1BC7B3200070B17D /* Assignment week 4.1UITests */ = {
			isa = PBXGroup;
			children = (
				F59AE74D1BC7B3200070B17D /* Assignment_week_4_1UITests.swift */,
				F59AE74E1BC7B3200070B17D /* Info.plist */,
			);
			name = "Assignment week 4.1UITests";
			path = "Assignment week 4.1/Assignment week 4.1UITests";
			sourceTree = "<group>";
		};
		F59AE7551BC7B3290070B17D /* Products */ = {
			isa = PBXGroup;
			children = (
				F59AE7521BC7B3290070B17D /* Assignment week 4.1.app */,
				F59AE7531BC7B3290070B17D /* Assignment week 4.1Tests.xctest */,
				F59AE7541BC7B3290070B17D /* Assignment week 4.1UITests.xctest */,
			);
			name = Products;
			path = "Assignment week 4.1";
			sourceTree = "<group>";
		};
		F5B00A231BC6811B0023127F /* Products */ = {
			isa = PBXGroup;
			children = (
				F5B00A291BC6811D0023127F /* Assignment week 4.1.app */,
				F5B00A2B1BC6811D0023127F /* Assignment week 4.1Tests.xctest */,
				F5B00A2D1BC6811D0023127F /* Assignment week 4.1UITests.xctest */,
			);
			name = Products;
			sourceTree = "<group>";
		};
		F5BF447C1BB3C5E70010231A = {
			isa = PBXGroup;
			children = (
				F59AE7551BC7B3290070B17D /* Products */,
				F59AE74F1BC7B3200070B17D /* Assignment week 4.1UITests */,
				F59AE74A1BC7B31C0070B17D /* Assignment week 4.1Tests */,
				F59AE73E1BC7B2F90070B17D /* Assignment week 4.1 */,
				F5B00A221BC6811B0023127F /* Assignment week 4.1.xcodeproj */,
			);
			sourceTree = "<group>";
		};
/* End PBXGroup section */

/* Begin PBXNativeTarget section */
		F5BF44841BB3C5E70010231A /* Assignment week4 */ = {
			isa = PBXNativeTarget;
			buildConfigurationList = F5BF44A71BB3C5E70010231A /* Build configuration list for PBXNativeTarget "Assignment week4" */;
			buildPhases = (
				F5BF44811BB3C5E70010231A /* Sources */,
				F5BF44821BB3C5E70010231A /* Frameworks */,
				F5BF44831BB3C5E70010231A /* Resources */,
			);
			buildRules = (
			);
			dependencies = (
			);
			name = "Assignment week4";
			productName = "Assignment week4";
			productReference = F59AE72D1BC7AE3F0070B17D /* Assignment week4.app */;
			productType = "com.apple.product-type.application";
		};
		F5BF449C1BB3C5E70010231A /* Assignment week4Tests */ = {
			isa = PBXNativeTarget;
			buildConfigurationList = F5BF44AA1BB3C5E70010231A /* Build configuration list for PBXNativeTarget "Assignment week4Tests" */;
			buildPhases = (
				F5BF44991BB3C5E70010231A /* Sources */,
				F5BF449A1BB3C5E70010231A /* Frameworks */,
				F5BF449B1BB3C5E70010231A /* Resources */,
			);
			buildRules = (
			);
			dependencies = (
				F5BF449F1BB3C5E70010231A /* PBXTargetDependency */,
			);
			name = "Assignment week4Tests";
			productName = "Assignment week4Tests";
			productReference = F59AE72E1BC7AE3F0070B17D /* Assignment week4Tests.xctest */;
			productType = "com.apple.product-type.bundle.unit-test";
		};
/* End PBXNativeTarget section */

/* Begin PBXProject section */
		F5BF447D1BB3C5E70010231A /* Project object */ = {
			isa = PBXProject;
			attributes = {
				LastSwiftMigration = 0700;
				LastSwiftUpdateCheck = 0700;
				LastUpgradeCheck = 0700;
				ORGANIZATIONNAME = "Roy Timmers";
				TargetAttributes = {
					F5BF44841BB3C5E70010231A = {
						CreatedOnToolsVersion = 6.4;
					};
					F5BF449C1BB3C5E70010231A = {
						CreatedOnToolsVersion = 6.4;
						TestTargetID = F5BF44841BB3C5E70010231A;
					};
				};
			};
			buildConfigurationList = F5BF44801BB3C5E70010231A /* Build configuration list for PBXProject "Assignment week4" */;
			compatibilityVersion = "Xcode 3.2";
			developmentRegion = English;
			hasScannedForEncodings = 0;
			knownRegions = (
				en,
				Base,
			);
			mainGroup = F5BF447C1BB3C5E70010231A;
			productRefGroup = F5BF447C1BB3C5E70010231A;
			projectDirPath = "";
			projectReferences = (
				{
					ProductGroup = F5B00A231BC6811B0023127F /* Products */;
					ProjectRef = F5B00A221BC6811B0023127F /* Assignment week 4.1.xcodeproj */;
				},
			);
			projectRoot = "";
			targets = (
				F5BF44841BB3C5E70010231A /* Assignment week4 */,
				F5BF449C1BB3C5E70010231A /* Assignment week4Tests */,
			);
		};
/* End PBXProject section */

/* Begin PBXReferenceProxy section */
		F5B00A291BC6811D0023127F /* Assignment week 4.1.app */ = {
			isa = PBXReferenceProxy;
			fileType = wrapper.application;
			path = "Assignment week 4.1.app";
			remoteRef = F5B00A281BC6811D0023127F /* PBXContainerItemProxy */;
			sourceTree = BUILT_PRODUCTS_DIR;
		};
		F5B00A2B1BC6811D0023127F /* Assignment week 4.1Tests.xctest */ = {
			isa = PBXReferenceProxy;
			fileType = wrapper.cfbundle;
			path = "Assignment week 4.1Tests.xctest";
			remoteRef = F5B00A2A1BC6811D0023127F /* PBXContainerItemProxy */;
			sourceTree = BUILT_PRODUCTS_DIR;
		};
		F5B00A2D1BC6811D0023127F /* Assignment week 4.1UITests.xctest */ = {
			isa = PBXReferenceProxy;
			fileType = wrapper.cfbundle;
			path = "Assignment week 4.1UITests.xctest";
			remoteRef = F5B00A2C1BC6811D0023127F /* PBXContainerItemProxy */;
			sourceTree = BUILT_PRODUCTS_DIR;
		};
/* End PBXReferenceProxy section */

/* Begin PBXResourcesBuildPhase section */
		F5BF44831BB3C5E70010231A /* Resources */ = {
			isa = PBXResourcesBuildPhase;
			buildActionMask = 2147483647;
			files = (
				F59AE7461BC7B2F90070B17D /* Info.plist in Resources */,
				F59AE7451BC7B2F90070B17D /* LaunchScreen.storyboard in Resources */,
				F59AE74C1BC7B31C0070B17D /* Info.plist in Resources */,
				F59AE7471BC7B2F90070B17D /* Assignment_week_4_1.xcdatamodeld in Resources */,
				F59AE7441BC7B2F90070B17D /* Assets.xcassets in Resources */,
				F59AE7421BC7B2F90070B17D /* Main.storyboard in Resources */,
				F59AE7561BC7B3290070B17D /* Assignment week 4.1.app in Resources */,
				F59AE7571BC7B3290070B17D /* Assignment week 4.1Tests.xctest in Resources */,
				F59AE7511BC7B3200070B17D /* Info.plist in Resources */,
				F59AE7581BC7B3290070B17D /* Assignment week 4.1UITests.xctest in Resources */,
			);
			runOnlyForDeploymentPostprocessing = 0;
		};
		F5BF449B1BB3C5E70010231A /* Resources */ = {
			isa = PBXResourcesBuildPhase;
			buildActionMask = 2147483647;
			files = (
			);
			runOnlyForDeploymentPostprocessing = 0;
		};
/* End PBXResourcesBuildPhase section */

/* Begin PBXSourcesBuildPhase section */
		F5BF44811BB3C5E70010231A /* Sources */ = {
			isa = PBXSourcesBuildPhase;
			buildActionMask = 2147483647;
			files = (
				F59AE7501BC7B3200070B17D /* Assignment_week_4_1UITests.swift in Sources */,
				F59AE74B1BC7B31C0070B17D /* Assignment_week_4_1Tests.swift in Sources */,
				F59AE7411BC7B2F90070B17D /* AppDelegate.swift in Sources */,
				F59AE7401BC7B2F90070B17D /* Pirate.swift in Sources */,
				F59AE73F1BC7B2F90070B17D /* TableViewController.swift in Sources */,
				F59AE7431BC7B2F90070B17D /* DetailsViewController.swift in Sources */,
			);
			runOnlyForDeploymentPostprocessing = 0;
		};
		F5BF44991BB3C5E70010231A /* Sources */ = {
			isa = PBXSourcesBuildPhase;
			buildActionMask = 2147483647;
			files = (
			);
			runOnlyForDeploymentPostprocessing = 0;
		};
/* End PBXSourcesBuildPhase section */

/* Begin PBXTargetDependency section */
		F5BF449F1BB3C5E70010231A /* PBXTargetDependency */ = {
			isa = PBXTargetDependency;
			target = F5BF44841BB3C5E70010231A /* Assignment week4 */;
			targetProxy = F5BF449E1BB3C5E70010231A /* PBXContainerItemProxy */;
		};
/* End PBXTargetDependency section */

/* Begin PBXVariantGroup section */
		F59AE7361BC7B2F90070B17D /* Main.storyboard */ = {
			isa = PBXVariantGroup;
			children = (
				F59AE7351BC7B2F90070B17D /* Base */,
			);
			name = Main.storyboard;
			sourceTree = "<group>";
		};
		F59AE73A1BC7B2F90070B17D /* LaunchScreen.storyboard */ = {
			isa = PBXVariantGroup;
			children = (
				F59AE7391BC7B2F90070B17D /* Base */,
			);
			name = LaunchScreen.storyboard;
			sourceTree = "<group>";
		};
/* End PBXVariantGroup section */

/* Begin XCBuildConfiguration section */
		F5BF44A51BB3C5E70010231A /* Debug */ = {
			isa = XCBuildConfiguration;
			buildSettings = {
				ALWAYS_SEARCH_USER_PATHS = NO;
				CLANG_CXX_LANGUAGE_STANDARD = "gnu++0x";
				CLANG_CXX_LIBRARY = "libc++";
				CLANG_ENABLE_MODULES = YES;
				CLANG_ENABLE_OBJC_ARC = YES;
				CLANG_WARN_BOOL_CONVERSION = YES;
				CLANG_WARN_CONSTANT_CONVERSION = YES;
				CLANG_WARN_DIRECT_OBJC_ISA_USAGE = YES_ERROR;
				CLANG_WARN_EMPTY_BODY = YES;
				CLANG_WARN_ENUM_CONVERSION = YES;
				CLANG_WARN_INT_CONVERSION = YES;
				CLANG_WARN_OBJC_ROOT_CLASS = YES_ERROR;
				CLANG_WARN_UNREACHABLE_CODE = YES;
				CLANG_WARN__DUPLICATE_METHOD_MATCH = YES;
				"CODE_SIGN_IDENTITY[sdk=iphoneos*]" = "iPhone Developer";
				COPY_PHASE_STRIP = NO;
				DEBUG_INFORMATION_FORMAT = "dwarf-with-dsym";
				ENABLE_STRICT_OBJC_MSGSEND = YES;
				ENABLE_TESTABILITY = YES;
				GCC_C_LANGUAGE_STANDARD = gnu99;
				GCC_DYNAMIC_NO_PIC = NO;
				GCC_NO_COMMON_BLOCKS = YES;
				GCC_OPTIMIZATION_LEVEL = 0;
				GCC_PREPROCESSOR_DEFINITIONS = (
					"DEBUG=1",
					"$(inherited)",
				);
				GCC_SYMBOLS_PRIVATE_EXTERN = NO;
				GCC_WARN_64_TO_32_BIT_CONVERSION = YES;
				GCC_WARN_ABOUT_RETURN_TYPE = YES_ERROR;
				GCC_WARN_UNDECLARED_SELECTOR = YES;
				GCC_WARN_UNINITIALIZED_AUTOS = YES_AGGRESSIVE;
				GCC_WARN_UNUSED_FUNCTION = YES;
				GCC_WARN_UNUSED_VARIABLE = YES;
				IPHONEOS_DEPLOYMENT_TARGET = 9.0;
				MTL_ENABLE_DEBUG_INFO = YES;
				ONLY_ACTIVE_ARCH = YES;
				SDKROOT = iphoneos;
				SWIFT_OPTIMIZATION_LEVEL = "-Onone";
			};
			name = Debug;
		};
		F5BF44A61BB3C5E70010231A /* Release */ = {
			isa = XCBuildConfiguration;
			buildSettings = {
				ALWAYS_SEARCH_USER_PATHS = NO;
				CLANG_CXX_LANGUAGE_STANDARD = "gnu++0x";
				CLANG_CXX_LIBRARY = "libc++";
				CLANG_ENABLE_MODULES = YES;
				CLANG_ENABLE_OBJC_ARC = YES;
				CLANG_WARN_BOOL_CONVERSION = YES;
				CLANG_WARN_CONSTANT_CONVERSION = YES;
				CLANG_WARN_DIRECT_OBJC_ISA_USAGE = YES_ERROR;
				CLANG_WARN_EMPTY_BODY = YES;
				CLANG_WARN_ENUM_CONVERSION = YES;
				CLANG_WARN_INT_CONVERSION = YES;
				CLANG_WARN_OBJC_ROOT_CLASS = YES_ERROR;
				CLANG_WARN_UNREACHABLE_CODE = YES;
				CLANG_WARN__DUPLICATE_METHOD_MATCH = YES;
				"CODE_SIGN_IDENTITY[sdk=iphoneos*]" = "iPhone Developer";
				COPY_PHASE_STRIP = NO;
				DEBUG_INFORMATION_FORMAT = "dwarf-with-dsym";
				ENABLE_NS_ASSERTIONS = NO;
				ENABLE_STRICT_OBJC_MSGSEND = YES;
				GCC_C_LANGUAGE_STANDARD = gnu99;
				GCC_NO_COMMON_BLOCKS = YES;
				GCC_WARN_64_TO_32_BIT_CONVERSION = YES;
				GCC_WARN_ABOUT_RETURN_TYPE = YES_ERROR;
				GCC_WARN_UNDECLARED_SELECTOR = YES;
				GCC_WARN_UNINITIALIZED_AUTOS = YES_AGGRESSIVE;
				GCC_WARN_UNUSED_FUNCTION = YES;
				GCC_WARN_UNUSED_VARIABLE = YES;
				IPHONEOS_DEPLOYMENT_TARGET = 9.0;
				MTL_ENABLE_DEBUG_INFO = NO;
				SDKROOT = iphoneos;
				VALIDATE_PRODUCT = YES;
			};
			name = Release;
		};
		F5BF44A81BB3C5E70010231A /* Debug */ = {
			isa = XCBuildConfiguration;
			buildSettings = {
				ASSETCATALOG_COMPILER_APPICON_NAME = AppIcon;
				INFOPLIST_FILE = "Assignment week4/Info.plist";
				LD_RUNPATH_SEARCH_PATHS = "$(inherited) @executable_path/Frameworks";
				PRODUCT_BUNDLE_IDENTIFIER = "edu.fontys.sm.$(PRODUCT_NAME:rfc1034identifier)";
				PRODUCT_NAME = "$(TARGET_NAME)";
			};
			name = Debug;
		};
		F5BF44A91BB3C5E70010231A /* Release */ = {
			isa = XCBuildConfiguration;
			buildSettings = {
				ASSETCATALOG_COMPILER_APPICON_NAME = AppIcon;
				INFOPLIST_FILE = "Assignment week4/Info.plist";
				LD_RUNPATH_SEARCH_PATHS = "$(inherited) @executable_path/Frameworks";
				PRODUCT_BUNDLE_IDENTIFIER = "edu.fontys.sm.$(PRODUCT_NAME:rfc1034identifier)";
				PRODUCT_NAME = "$(TARGET_NAME)";
			};
			name = Release;
		};
		F5BF44AB1BB3C5E70010231A /* Debug */ = {
			isa = XCBuildConfiguration;
			buildSettings = {
				BUNDLE_LOADER = "$(TEST_HOST)";
				FRAMEWORK_SEARCH_PATHS = (
					"$(SDKROOT)/Developer/Library/Frameworks",
					"$(inherited)",
				);
				GCC_PREPROCESSOR_DEFINITIONS = (
					"DEBUG=1",
					"$(inherited)",
				);
				INFOPLIST_FILE = "Assignment week4Tests/Info.plist";
				LD_RUNPATH_SEARCH_PATHS = "$(inherited) @executable_path/Frameworks @loader_path/Frameworks";
				PRODUCT_BUNDLE_IDENTIFIER = "edu.fontys.sm.$(PRODUCT_NAME:rfc1034identifier)";
				PRODUCT_NAME = "$(TARGET_NAME)";
				TEST_HOST = "$(BUILT_PRODUCTS_DIR)/Assignment week4.app/Assignment week4";
			};
			name = Debug;
		};
		F5BF44AC1BB3C5E70010231A /* Release */ = {
			isa = XCBuildConfiguration;
			buildSettings = {
				BUNDLE_LOADER = "$(TEST_HOST)";
				FRAMEWORK_SEARCH_PATHS = (
					"$(SDKROOT)/Developer/Library/Frameworks",
					"$(inherited)",
				);
				INFOPLIST_FILE = "Assignment week4Tests/Info.plist";
				LD_RUNPATH_SEARCH_PATHS = "$(inherited) @executable_path/Frameworks @loader_path/Frameworks";
				PRODUCT_BUNDLE_IDENTIFIER = "edu.fontys.sm.$(PRODUCT_NAME:rfc1034identifier)";
				PRODUCT_NAME = "$(TARGET_NAME)";
				TEST_HOST = "$(BUILT_PRODUCTS_DIR)/Assignment week4.app/Assignment week4";
			};
			name = Release;
		};
/* End XCBuildConfiguration section */

/* Begin XCConfigurationList section */
		F5BF44801BB3C5E70010231A /* Build configuration list for PBXProject "Assignment week4" */ = {
			isa = XCConfigurationList;
			buildConfigurations = (
				F5BF44A51BB3C5E70010231A /* Debug */,
				F5BF44A61BB3C5E70010231A /* Release */,
			);
			defaultConfigurationIsVisible = 0;
			defaultConfigurationName = Release;
		};
		F5BF44A71BB3C5E70010231A /* Build configuration list for PBXNativeTarget "Assignment week4" */ = {
			isa = XCConfigurationList;
			buildConfigurations = (
				F5BF44A81BB3C5E70010231A /* Debug */,
				F5BF44A91BB3C5E70010231A /* Release */,
			);
			defaultConfigurationIsVisible = 0;
			defaultConfigurationName = Release;
		};
		F5BF44AA1BB3C5E70010231A /* Build configuration list for PBXNativeTarget "Assignment week4Tests" */ = {
			isa = XCConfigurationList;
			buildConfigurations = (
				F5BF44AB1BB3C5E70010231A /* Debug */,
				F5BF44AC1BB3C5E70010231A /* Release */,
			);
			defaultConfigurationIsVisible = 0;
			defaultConfigurationName = Release;
		};
/* End XCConfigurationList section */

/* Begin XCVersionGroup section */
		F59AE73D1BC7B2F90070B17D /* Assignment_week_4_1.xcdatamodeld */ = {
			isa = XCVersionGroup;
			children = (
				F59AE73C1BC7B2F90070B17D /* Assignment_week_4_1.xcdatamodel */,
			);
			currentVersion = F59AE73C1BC7B2F90070B17D /* Assignment_week_4_1.xcdatamodel */;
			path = Assignment_week_4_1.xcdatamodeld;
			sourceTree = "<group>";
		};
/* End XCVersionGroup section */
	};
	rootObject = F5BF447D1BB3C5E70010231A /* Project object */;
}
